// !$*UTF8*$!
{
	archiveVersion = 1;
	classes = {
	};
	objectVersion = 50;
	objects = {

/* Begin PBXBuildFile section */
		451D7B1A235845B100095112 /* AppComponent.swift in Sources */ = {isa = PBXBuildFile; fileRef = 451D7B19235845B100095112 /* AppComponent.swift */; };
		4539A7B52354376F0081362B /* CameraViewController.swift in Sources */ = {isa = PBXBuildFile; fileRef = 4539A7B42354376F0081362B /* CameraViewController.swift */; };
		45F4791D219463C7003D25FA /* LaunchScreen.storyboard in Resources */ = {isa = PBXBuildFile; fileRef = 45F47912219463C7003D25FA /* LaunchScreen.storyboard */; };
		45F4791E219463C7003D25FA /* Main.storyboard in Resources */ = {isa = PBXBuildFile; fileRef = 45F47914219463C7003D25FA /* Main.storyboard */; };
		45F47921219463C7003D25FA /* Assets.xcassets in Resources */ = {isa = PBXBuildFile; fileRef = 45F4791A219463C7003D25FA /* Assets.xcassets */; };
		45F47922219463C7003D25FA /* AppDelegate.swift in Sources */ = {isa = PBXBuildFile; fileRef = 45F4791B219463C7003D25FA /* AppDelegate.swift */; };
		E4BFEC18BAD3DD730D4CFCBC /* Pods_ios_app.framework in Frameworks */ = {isa = PBXBuildFile; fileRef = F0851CE770EBAD677B5B1B18 /* Pods_ios_app.framework */; };
		EB514C062407F55500CE1AF6 /* Localizable.strings in Resources */ = {isa = PBXBuildFile; fileRef = EB514C082407F55500CE1AF6 /* Localizable.strings */; };
/* End PBXBuildFile section */

/* Begin PBXFileReference section */
		07161ABE89C003C645FE3EB0 /* Pods-ios-app.release.xcconfig */ = {isa = PBXFileReference; includeInIndex = 1; lastKnownFileType = text.xcconfig; name = "Pods-ios-app.release.xcconfig"; path = "Target Support Files/Pods-ios-app/Pods-ios-app.release.xcconfig"; sourceTree = "<group>"; };
		287627FF1F319065007FA12B /* CameraSample.app */ = {isa = PBXFileReference; explicitFileType = wrapper.application; includeInIndex = 0; path = CameraSample.app; sourceTree = BUILT_PRODUCTS_DIR; };
		451D7B19235845B100095112 /* AppComponent.swift */ = {isa = PBXFileReference; lastKnownFileType = sourcecode.swift; path = AppComponent.swift; sourceTree = "<group>"; };
		4539A7B42354376F0081362B /* CameraViewController.swift */ = {isa = PBXFileReference; lastKnownFileType = sourcecode.swift; path = CameraViewController.swift; sourceTree = "<group>"; };
		45964D362282A1FD00C16658 /* mpp-library */ = {isa = PBXFileReference; lastKnownFileType = folder; name = "mpp-library"; path = "../mpp-library"; sourceTree = "<group>"; };
		45F47913219463C7003D25FA /* Base */ = {isa = PBXFileReference; lastKnownFileType = file.storyboard; name = Base; path = Base.lproj/LaunchScreen.storyboard; sourceTree = "<group>"; };
		45F47915219463C7003D25FA /* Base */ = {isa = PBXFileReference; lastKnownFileType = file.storyboard; name = Base; path = Base.lproj/Main.storyboard; sourceTree = "<group>"; };
		45F4791A219463C7003D25FA /* Assets.xcassets */ = {isa = PBXFileReference; lastKnownFileType = folder.assetcatalog; path = Assets.xcassets; sourceTree = "<group>"; };
		45F4791B219463C7003D25FA /* AppDelegate.swift */ = {isa = PBXFileReference; fileEncoding = 4; lastKnownFileType = sourcecode.swift; path = AppDelegate.swift; sourceTree = "<group>"; };
		45F4791C219463C7003D25FA /* Info.plist */ = {isa = PBXFileReference; fileEncoding = 4; lastKnownFileType = text.plist.xml; path = Info.plist; sourceTree = "<group>"; };
		7C3B52ED3DC1C495783CD8A4 /* Pods-ios-app.debug.xcconfig */ = {isa = PBXFileReference; includeInIndex = 1; lastKnownFileType = text.xcconfig; name = "Pods-ios-app.debug.xcconfig"; path = "Target Support Files/Pods-ios-app/Pods-ios-app.debug.xcconfig"; sourceTree = "<group>"; };
		EB514C072407F55500CE1AF6 /* English */ = {isa = PBXFileReference; lastKnownFileType = text.plist.strings; name = English; path = English.lproj/Localizable.strings; sourceTree = "<group>"; };
		F0851CE770EBAD677B5B1B18 /* Pods_ios_app.framework */ = {isa = PBXFileReference; explicitFileType = wrapper.framework; includeInIndex = 0; path = Pods_ios_app.framework; sourceTree = BUILT_PRODUCTS_DIR; };
/* End PBXFileReference section */

/* Begin PBXFrameworksBuildPhase section */
		287627FC1F319065007FA12B /* Frameworks */ = {
			isa = PBXFrameworksBuildPhase;
			buildActionMask = 2147483647;
			files = (
				E4BFEC18BAD3DD730D4CFCBC /* Pods_ios_app.framework in Frameworks */,
			);
			runOnlyForDeploymentPostprocessing = 0;
		};
/* End PBXFrameworksBuildPhase section */

/* Begin PBXGroup section */
		287627F61F319065007FA12B = {
			isa = PBXGroup;
			children = (
				45964D362282A1FD00C16658 /* mpp-library */,
				45F47910219463C7003D25FA /* src */,
				287628001F319065007FA12B /* Products */,
				ADA6113FAAE0D5608EE09AF9 /* Pods */,
				BBB9E0F82AF0E7608AC35B8E /* Frameworks */,
			);
			indentWidth = 4;
			sourceTree = "<group>";
			tabWidth = 4;
			usesTabs = 0;
		};
		287628001F319065007FA12B /* Products */ = {
			isa = PBXGroup;
			children = (
				287627FF1F319065007FA12B /* CameraSample.app */,
			);
			name = Products;
			sourceTree = "<group>";
		};
		451D7B1B235845D400095112 /* view */ = {
			isa = PBXGroup;
			children = (
				4539A7B42354376F0081362B /* CameraViewController.swift */,
			);
			path = view;
			sourceTree = "<group>";
		};
		45F47910219463C7003D25FA /* src */ = {
			isa = PBXGroup;
			children = (
				EB514C082407F55500CE1AF6 /* Localizable.strings */,
				451D7B1B235845D400095112 /* view */,
				45F47911219463C7003D25FA /* Resources */,
				45F4791A219463C7003D25FA /* Assets.xcassets */,
				45F4791B219463C7003D25FA /* AppDelegate.swift */,
				451D7B19235845B100095112 /* AppComponent.swift */,
				45F4791C219463C7003D25FA /* Info.plist */,
			);
			path = src;
			sourceTree = "<group>";
		};
		45F47911219463C7003D25FA /* Resources */ = {
			isa = PBXGroup;
			children = (
				45F47912219463C7003D25FA /* LaunchScreen.storyboard */,
				45F47914219463C7003D25FA /* Main.storyboard */,
			);
			path = Resources;
			sourceTree = "<group>";
		};
		ADA6113FAAE0D5608EE09AF9 /* Pods */ = {
			isa = PBXGroup;
			children = (
				7C3B52ED3DC1C495783CD8A4 /* Pods-ios-app.debug.xcconfig */,
				07161ABE89C003C645FE3EB0 /* Pods-ios-app.release.xcconfig */,
			);
			path = Pods;
			sourceTree = "<group>";
		};
		BBB9E0F82AF0E7608AC35B8E /* Frameworks */ = {
			isa = PBXGroup;
			children = (
				F0851CE770EBAD677B5B1B18 /* Pods_ios_app.framework */,
			);
			name = Frameworks;
			sourceTree = "<group>";
		};
/* End PBXGroup section */

/* Begin PBXNativeTarget section */
		287627FE1F319065007FA12B /* ios-app */ = {
			isa = PBXNativeTarget;
			buildConfigurationList = 287628111F319065007FA12B /* Build configuration list for PBXNativeTarget "ios-app" */;
			buildPhases = (
				7BB4391DE517F96A9B5D19CB /* [CP] Check Pods Manifest.lock */,
				287627FB1F319065007FA12B /* Sources */,
				287627FC1F319065007FA12B /* Frameworks */,
				287627FD1F319065007FA12B /* Resources */,
				C2E08B943E909451EC411701 /* [CP] Embed Pods Frameworks */,
			);
			buildRules = (
			);
			dependencies = (
			);
			name = "ios-app";
			productName = IosApp;
			productReference = 287627FF1F319065007FA12B /* CameraSample.app */;
			productType = "com.apple.product-type.application";
		};
/* End PBXNativeTarget section */

/* Begin PBXProject section */
		287627F71F319065007FA12B /* Project object */ = {
			isa = PBXProject;
			attributes = {
				LastSwiftUpdateCheck = 0830;
				LastUpgradeCheck = 0830;
				ORGANIZATIONNAME = "IceRock Development";
				TargetAttributes = {
					287627FE1F319065007FA12B = {
						CreatedOnToolsVersion = 8.3.3;
						LastSwiftMigration = 0940;
					};
				};
			};
			buildConfigurationList = 287627FA1F319065007FA12B /* Build configuration list for PBXProject "ios-app" */;
			compatibilityVersion = "Xcode 9.3";
			developmentRegion = English;
			hasScannedForEncodings = 0;
			knownRegions = (
				English,
				Base,
			);
			mainGroup = 287627F61F319065007FA12B;
			productRefGroup = 287628001F319065007FA12B /* Products */;
			projectDirPath = "";
			projectRoot = "";
			targets = (
				287627FE1F319065007FA12B /* ios-app */,
			);
		};
/* End PBXProject section */

/* Begin PBXResourcesBuildPhase section */
		287627FD1F319065007FA12B /* Resources */ = {
			isa = PBXResourcesBuildPhase;
			buildActionMask = 2147483647;
			files = (
				EB514C062407F55500CE1AF6 /* Localizable.strings in Resources */,
				45F4791E219463C7003D25FA /* Main.storyboard in Resources */,
				45F4791D219463C7003D25FA /* LaunchScreen.storyboard in Resources */,
				45F47921219463C7003D25FA /* Assets.xcassets in Resources */,
			);
			runOnlyForDeploymentPostprocessing = 0;
		};
/* End PBXResourcesBuildPhase section */

/* Begin PBXShellScriptBuildPhase section */
		7BB4391DE517F96A9B5D19CB /* [CP] Check Pods Manifest.lock */ = {
			isa = PBXShellScriptBuildPhase;
			buildActionMask = 2147483647;
			files = (
			);
			inputFileListPaths = (
			);
			inputPaths = (
				"${PODS_PODFILE_DIR_PATH}/Podfile.lock",
				"${PODS_ROOT}/Manifest.lock",
			);
			name = "[CP] Check Pods Manifest.lock";
			outputFileListPaths = (
			);
			outputPaths = (
				"$(DERIVED_FILE_DIR)/Pods-ios-app-checkManifestLockResult.txt",
			);
			runOnlyForDeploymentPostprocessing = 0;
			shellPath = /bin/sh;
			shellScript = "diff \"${PODS_PODFILE_DIR_PATH}/Podfile.lock\" \"${PODS_ROOT}/Manifest.lock\" > /dev/null\nif [ $? != 0 ] ; then\n    # print error to STDERR\n    echo \"error: The sandbox is not in sync with the Podfile.lock. Run 'pod install' or update your CocoaPods installation.\" >&2\n    exit 1\nfi\n# This output is used by Xcode 'outputs' to avoid re-running this script phase.\necho \"SUCCESS\" > \"${SCRIPT_OUTPUT_FILE_0}\"\n";
			showEnvVarsInLog = 0;
		};
		C2E08B943E909451EC411701 /* [CP] Embed Pods Frameworks */ = {
			isa = PBXShellScriptBuildPhase;
			buildActionMask = 2147483647;
			files = (
			);
			inputFileListPaths = (
			);
			name = "[CP] Embed Pods Frameworks";
			outputFileListPaths = (
			);
			runOnlyForDeploymentPostprocessing = 0;
			shellPath = /bin/sh;
			shellScript = "\"${PODS_ROOT}/Target Support Files/Pods-ios-app/Pods-ios-app-frameworks.sh\"\n";
			showEnvVarsInLog = 0;
		};
/* End PBXShellScriptBuildPhase section */

/* Begin PBXSourcesBuildPhase section */
		287627FB1F319065007FA12B /* Sources */ = {
			isa = PBXSourcesBuildPhase;
			buildActionMask = 2147483647;
			files = (
				45F47922219463C7003D25FA /* AppDelegate.swift in Sources */,
				4539A7B52354376F0081362B /* CameraViewController.swift in Sources */,
				451D7B1A235845B100095112 /* AppComponent.swift in Sources */,
			);
			runOnlyForDeploymentPostprocessing = 0;
		};
/* End PBXSourcesBuildPhase section */

/* Begin PBXVariantGroup section */
		45F47912219463C7003D25FA /* LaunchScreen.storyboard */ = {
			isa = PBXVariantGroup;
			children = (
				45F47913219463C7003D25FA /* Base */,
			);
			name = LaunchScreen.storyboard;
			sourceTree = "<group>";
		};
		45F47914219463C7003D25FA /* Main.storyboard */ = {
			isa = PBXVariantGroup;
			children = (
				45F47915219463C7003D25FA /* Base */,
			);
			name = Main.storyboard;
			sourceTree = "<group>";
		};
		EB514C082407F55500CE1AF6 /* Localizable.strings */ = {
			isa = PBXVariantGroup;
			children = (
				EB514C072407F55500CE1AF6 /* English */,
			);
			name = Localizable.strings;
			path = src;
			sourceTree = SOURCE_ROOT;
		};
/* End PBXVariantGroup section */

/* Begin XCBuildConfiguration section */
		2876280F1F319065007FA12B /* Debug */ = {
			isa = XCBuildConfiguration;
			buildSettings = {
				ALWAYS_SEARCH_USER_PATHS = NO;
				CURRENT_PROJECT_VERSION = 0;
				DEFINES_MODULE = YES;
				SWIFT_VERSION = 4.0;
			};
			name = Debug;
		};
		287628101F319065007FA12B /* Release */ = {
			isa = XCBuildConfiguration;
			buildSettings = {
				ALWAYS_SEARCH_USER_PATHS = NO;
				CURRENT_PROJECT_VERSION = 0;
				DEFINES_MODULE = YES;
				SWIFT_VERSION = 4.0;
			};
			name = Release;
		};
		287628121F319065007FA12B /* Debug */ = {
			isa = XCBuildConfiguration;
			baseConfigurationReference = 7C3B52ED3DC1C495783CD8A4 /* Pods-ios-app.debug.xcconfig */;
			buildSettings = {
				ASSETCATALOG_COMPILER_APPICON_NAME = AppIcon;
				CODE_SIGN_IDENTITY = "Apple Development";
				CODE_SIGN_STYLE = Automatic;
				DEVELOPMENT_TEAM = VRLG6M55VQ;
				INFOPLIST_FILE = src/Info.plist;
				IPHONEOS_DEPLOYMENT_TARGET = 11.0;
				PRODUCT_BUNDLE_IDENTIFIER = com.jaime97.camerasample;
				PRODUCT_NAME = CameraSample;
				PROVISIONING_PROFILE_SPECIFIER = "";
				SDKROOT = iphoneos;
				SUPPORTED_PLATFORMS = "iphonesimulator iphoneos";
				TARGETED_DEVICE_FAMILY = "1,2";
			};
			name = Debug;
		};
		287628131F319065007FA12B /* Release */ = {
			isa = XCBuildConfiguration;
			baseConfigurationReference = 07161ABE89C003C645FE3EB0 /* Pods-ios-app.release.xcconfig */;
			buildSettings = {
				ASSETCATALOG_COMPILER_APPICON_NAME = AppIcon;
				CODE_SIGN_IDENTITY = "Apple Development";
				CODE_SIGN_STYLE = Automatic;
				DEVELOPMENT_TEAM = VRLG6M55VQ;
				INFOPLIST_FILE = src/Info.plist;
				IPHONEOS_DEPLOYMENT_TARGET = 11.0;
				PRODUCT_BUNDLE_IDENTIFIER = com.jaime97.camerasample;
				PRODUCT_NAME = CameraSample;
				PROVISIONING_PROFILE_SPECIFIER = "";
				SDKROOT = iphoneos;
				SUPPORTED_PLATFORMS = "iphonesimulator iphoneos";
				TARGETED_DEVICE_FAMILY = "1,2";
			};
			name = Release;
		};
/* End XCBuildConfiguration section */

/* Begin XCConfigurationList section */
		287627FA1F319065007FA12B /* Build configuration list for PBXProject "ios-app" */ = {
			isa = XCConfigurationList;
			buildConfigurations = (
				2876280F1F319065007FA12B /* Debug */,
				287628101F319065007FA12B /* Release */,
			);
			defaultConfigurationIsVisible = 0;
			defaultConfigurationName = Release;
		};
		287628111F319065007FA12B /* Build configuration list for PBXNativeTarget "ios-app" */ = {
			isa = XCConfigurationList;
			buildConfigurations = (
				287628121F319065007FA12B /* Debug */,
				287628131F319065007FA12B /* Release */,
			);
			defaultConfigurationIsVisible = 0;
			defaultConfigurationName = Release;
		};
/* End XCConfigurationList section */
	};
	rootObject = 287627F71F319065007FA12B /* Project object */;
}
